// !$*UTF8*$!
{
	archiveVersion = 1;
	classes = {
	};
	objectVersion = 56;
	objects = {

/* Begin PBXBuildFile section */
		D5B303932C4F8A9600C9DAF3 /* AppPages.swift in Sources */ = {isa = PBXBuildFile; fileRef = D5B303922C4F8A9600C9DAF3 /* AppPages.swift */; };
		D5B303952C4FAB1100C9DAF3 /* SignupView.swift in Sources */ = {isa = PBXBuildFile; fileRef = D5B303942C4FAB1100C9DAF3 /* SignupView.swift */; };
		D5C3C7512C45441D0021FF0A /* CoordinatorApp.swift in Sources */ = {isa = PBXBuildFile; fileRef = D5C3C7502C45441D0021FF0A /* CoordinatorApp.swift */; };
		D5C3C7532C45441D0021FF0A /* LoginView.swift in Sources */ = {isa = PBXBuildFile; fileRef = D5C3C7522C45441D0021FF0A /* LoginView.swift */; };
		D5C3C7552C45441E0021FF0A /* Assets.xcassets in Resources */ = {isa = PBXBuildFile; fileRef = D5C3C7542C45441E0021FF0A /* Assets.xcassets */; };
		D5C3C7582C45441E0021FF0A /* Preview Assets.xcassets in Resources */ = {isa = PBXBuildFile; fileRef = D5C3C7572C45441E0021FF0A /* Preview Assets.xcassets */; };
		D5C3C75F2C4544680021FF0A /* ForgotPasswordView.swift in Sources */ = {isa = PBXBuildFile; fileRef = D5C3C75E2C4544680021FF0A /* ForgotPasswordView.swift */; };
		D5C3C7652C45566E0021FF0A /* WalkthroughView.swift in Sources */ = {isa = PBXBuildFile; fileRef = D5C3C7642C45566E0021FF0A /* WalkthroughView.swift */; };
		D5C3C7672C4B9A780021FF0A /* CoordinatorView.swift in Sources */ = {isa = PBXBuildFile; fileRef = D5C3C7662C4B9A780021FF0A /* CoordinatorView.swift */; };
		D5C3C7692C4B9B360021FF0A /* Coordinator.swift in Sources */ = {isa = PBXBuildFile; fileRef = D5C3C7682C4B9B360021FF0A /* Coordinator.swift */; };
/* End PBXBuildFile section */

/* Begin PBXFileReference section */
		D5B303922C4F8A9600C9DAF3 /* AppPages.swift */ = {isa = PBXFileReference; lastKnownFileType = sourcecode.swift; path = AppPages.swift; sourceTree = "<group>"; };
		D5B303942C4FAB1100C9DAF3 /* SignupView.swift */ = {isa = PBXFileReference; lastKnownFileType = sourcecode.swift; path = SignupView.swift; sourceTree = "<group>"; };
		D5C3C74D2C45441D0021FF0A /* Coordinator.app */ = {isa = PBXFileReference; explicitFileType = wrapper.application; includeInIndex = 0; path = Coordinator.app; sourceTree = BUILT_PRODUCTS_DIR; };
		D5C3C7502C45441D0021FF0A /* CoordinatorApp.swift */ = {isa = PBXFileReference; lastKnownFileType = sourcecode.swift; path = CoordinatorApp.swift; sourceTree = "<group>"; };
		D5C3C7522C45441D0021FF0A /* LoginView.swift */ = {isa = PBXFileReference; lastKnownFileType = sourcecode.swift; path = LoginView.swift; sourceTree = "<group>"; };
		D5C3C7542C45441E0021FF0A /* Assets.xcassets */ = {isa = PBXFileReference; lastKnownFileType = folder.assetcatalog; path = Assets.xcassets; sourceTree = "<group>"; };
		D5C3C7572C45441E0021FF0A /* Preview Assets.xcassets */ = {isa = PBXFileReference; lastKnownFileType = folder.assetcatalog; path = "Preview Assets.xcassets"; sourceTree = "<group>"; };
		D5C3C75E2C4544680021FF0A /* ForgotPasswordView.swift */ = {isa = PBXFileReference; lastKnownFileType = sourcecode.swift; path = ForgotPasswordView.swift; sourceTree = "<group>"; };
		D5C3C7642C45566E0021FF0A /* WalkthroughView.swift */ = {isa = PBXFileReference; lastKnownFileType = sourcecode.swift; path = WalkthroughView.swift; sourceTree = "<group>"; };
		D5C3C7662C4B9A780021FF0A /* CoordinatorView.swift */ = {isa = PBXFileReference; lastKnownFileType = sourcecode.swift; path = CoordinatorView.swift; sourceTree = "<group>"; };
		D5C3C7682C4B9B360021FF0A /* Coordinator.swift */ = {isa = PBXFileReference; lastKnownFileType = sourcecode.swift; path = Coordinator.swift; sourceTree = "<group>"; };
/* End PBXFileReference section */

/* Begin PBXFrameworksBuildPhase section */
		D5C3C74A2C45441D0021FF0A /* Frameworks */ = {
			isa = PBXFrameworksBuildPhase;
			buildActionMask = 2147483647;
			files = (
			);
			runOnlyForDeploymentPostprocessing = 0;
		};
/* End PBXFrameworksBuildPhase section */

/* Begin PBXGroup section */
		D5C3C7442C45441D0021FF0A = {
			isa = PBXGroup;
			children = (
				D5C3C74F2C45441D0021FF0A /* Coordinator */,
				D5C3C74E2C45441D0021FF0A /* Products */,
			);
			sourceTree = "<group>";
		};
		D5C3C74E2C45441D0021FF0A /* Products */ = {
			isa = PBXGroup;
			children = (
				D5C3C74D2C45441D0021FF0A /* Coordinator.app */,
			);
			name = Products;
			sourceTree = "<group>";
		};
		D5C3C74F2C45441D0021FF0A /* Coordinator */ = {
			isa = PBXGroup;
			children = (
				D5C3C7502C45441D0021FF0A /* CoordinatorApp.swift */,
				D5C3C7642C45566E0021FF0A /* WalkthroughView.swift */,
				D5C3C7522C45441D0021FF0A /* LoginView.swift */,
				D5C3C75E2C4544680021FF0A /* ForgotPasswordView.swift */,
				D5B303942C4FAB1100C9DAF3 /* SignupView.swift */,
				D5C3C7662C4B9A780021FF0A /* CoordinatorView.swift */,
				D5C3C7682C4B9B360021FF0A /* Coordinator.swift */,
				D5B303922C4F8A9600C9DAF3 /* AppPages.swift */,
				D5C3C7542C45441E0021FF0A /* Assets.xcassets */,
				D5C3C7562C45441E0021FF0A /* Preview Content */,
			);
			path = Coordinator;
			sourceTree = "<group>";
		};
		D5C3C7562C45441E0021FF0A /* Preview Content */ = {
			isa = PBXGroup;
			children = (
				D5C3C7572C45441E0021FF0A /* Preview Assets.xcassets */,
			);
			path = "Preview Content";
			sourceTree = "<group>";
		};
/* End PBXGroup section */

/* Begin PBXNativeTarget section */
		D5C3C74C2C45441D0021FF0A /* Coordinator */ = {
			isa = PBXNativeTarget;
			buildConfigurationList = D5C3C75B2C45441E0021FF0A /* Build configuration list for PBXNativeTarget "Coordinator" */;
			buildPhases = (
				D5C3C7492C45441D0021FF0A /* Sources */,
				D5C3C74A2C45441D0021FF0A /* Frameworks */,
				D5C3C74B2C45441D0021FF0A /* Resources */,
			);
			buildRules = (
			);
			dependencies = (
			);
			name = Coordinator;
			productName = Coordinator;
			productReference = D5C3C74D2C45441D0021FF0A /* Coordinator.app */;
			productType = "com.apple.product-type.application";
		};
/* End PBXNativeTarget section */

/* Begin PBXProject section */
		D5C3C7452C45441D0021FF0A /* Project object */ = {
			isa = PBXProject;
			attributes = {
				BuildIndependentTargetsInParallel = 1;
				LastSwiftUpdateCheck = 1540;
				LastUpgradeCheck = 1540;
				TargetAttributes = {
					D5C3C74C2C45441D0021FF0A = {
						CreatedOnToolsVersion = 15.4;
					};
				};
			};
			buildConfigurationList = D5C3C7482C45441D0021FF0A /* Build configuration list for PBXProject "Coordinator" */;
			compatibilityVersion = "Xcode 14.0";
			developmentRegion = en;
			hasScannedForEncodings = 0;
			knownRegions = (
				en,
				Base,
			);
			mainGroup = D5C3C7442C45441D0021FF0A;
			productRefGroup = D5C3C74E2C45441D0021FF0A /* Products */;
			projectDirPath = "";
			projectRoot = "";
			targets = (
				D5C3C74C2C45441D0021FF0A /* Coordinator */,
			);
		};
/* End PBXProject section */

/* Begin PBXResourcesBuildPhase section */
		D5C3C74B2C45441D0021FF0A /* Resources */ = {
			isa = PBXResourcesBuildPhase;
			buildActionMask = 2147483647;
			files = (
				D5C3C7582C45441E0021FF0A /* Preview Assets.xcassets in Resources */,
				D5C3C7552C45441E0021FF0A /* Assets.xcassets in Resources */,
			);
			runOnlyForDeploymentPostprocessing = 0;
		};
/* End PBXResourcesBuildPhase section */

/* Begin PBXSourcesBuildPhase section */
		D5C3C7492C45441D0021FF0A /* Sources */ = {
			isa = PBXSourcesBuildPhase;
			buildActionMask = 2147483647;
			files = (
				D5C3C7692C4B9B360021FF0A /* Coordinator.swift in Sources */,
				D5C3C7532C45441D0021FF0A /* LoginView.swift in Sources */,
				D5B303932C4F8A9600C9DAF3 /* AppPages.swift in Sources */,
				D5C3C7672C4B9A780021FF0A /* CoordinatorView.swift in Sources */,
				D5B303952C4FAB1100C9DAF3 /* SignupView.swift in Sources */,
				D5C3C7652C45566E0021FF0A /* WalkthroughView.swift in Sources */,
				D5C3C75F2C4544680021FF0A /* ForgotPasswordView.swift in Sources */,
				D5C3C7512C45441D0021FF0A /* CoordinatorApp.swift in Sources */,
			);
			runOnlyForDeploymentPostprocessing = 0;
		};
/* End PBXSourcesBuildPhase section */

/* Begin XCBuildConfiguration section */
		D5C3C7592C45441E0021FF0A /* Debug */ = {
			isa = XCBuildConfiguration;
			buildSettings = {
				ALWAYS_SEARCH_USER_PATHS = NO;
				ASSETCATALOG_COMPILER_GENERATE_SWIFT_ASSET_SYMBOL_EXTENSIONS = YES;
				CLANG_ANALYZER_NONNULL = YES;
				CLANG_ANALYZER_NUMBER_OBJECT_CONVERSION = YES_AGGRESSIVE;
				CLANG_CXX_LANGUAGE_STANDARD = "gnu++20";
				CLANG_ENABLE_MODULES = YES;
				CLANG_ENABLE_OBJC_ARC = YES;
				CLANG_ENABLE_OBJC_WEAK = YES;
				CLANG_WARN_BLOCK_CAPTURE_AUTORELEASING = YES;
				CLANG_WARN_BOOL_CONVERSION = YES;
				CLANG_WARN_COMMA = YES;
				CLANG_WARN_CONSTANT_CONVERSION = YES;
				CLANG_WARN_DEPRECATED_OBJC_IMPLEMENTATIONS = YES;
				CLANG_WARN_DIRECT_OBJC_ISA_USAGE = YES_ERROR;
				CLANG_WARN_DOCUMENTATION_COMMENTS = YES;
				CLANG_WARN_EMPTY_BODY = YES;
				CLANG_WARN_ENUM_CONVERSION = YES;
				CLANG_WARN_INFINITE_RECURSION = YES;
				CLANG_WARN_INT_CONVERSION = YES;
				CLANG_WARN_NON_LITERAL_NULL_CONVERSION = YES;
				CLANG_WARN_OBJC_IMPLICIT_RETAIN_SELF = YES;
				CLANG_WARN_OBJC_LITERAL_CONVERSION = YES;
				CLANG_WARN_OBJC_ROOT_CLASS = YES_ERROR;
				CLANG_WARN_QUOTED_INCLUDE_IN_FRAMEWORK_HEADER = YES;
				CLANG_WARN_RANGE_LOOP_ANALYSIS = YES;
				CLANG_WARN_STRICT_PROTOTYPES = YES;
				CLANG_WARN_SUSPICIOUS_MOVE = YES;
				CLANG_WARN_UNGUARDED_AVAILABILITY = YES_AGGRESSIVE;
				CLANG_WARN_UNREACHABLE_CODE = YES;
				CLANG_WARN__DUPLICATE_METHOD_MATCH = YES;
				COPY_PHASE_STRIP = NO;
				DEBUG_INFORMATION_FORMAT = dwarf;
				ENABLE_STRICT_OBJC_MSGSEND = YES;
				ENABLE_TESTABILITY = YES;
				ENABLE_USER_SCRIPT_SANDBOXING = YES;
				GCC_C_LANGUAGE_STANDARD = gnu17;
				GCC_DYNAMIC_NO_PIC = NO;
				GCC_NO_COMMON_BLOCKS = YES;
				GCC_OPTIMIZATION_LEVEL = 0;
				GCC_PREPROCESSOR_DEFINITIONS = (
					"DEBUG=1",
					"$(inherited)",
				);
				GCC_WARN_64_TO_32_BIT_CONVERSION = YES;
				GCC_WARN_ABOUT_RETURN_TYPE = YES_ERROR;
				GCC_WARN_UNDECLARED_SELECTOR = YES;
				GCC_WARN_UNINITIALIZED_AUTOS = YES_AGGRESSIVE;
				GCC_WARN_UNUSED_FUNCTION = YES;
				GCC_WARN_UNUSED_VARIABLE = YES;
				IPHONEOS_DEPLOYMENT_TARGET = 17.5;
				LOCALIZATION_PREFERS_STRING_CATALOGS = YES;
				MTL_ENABLE_DEBUG_INFO = INCLUDE_SOURCE;
				MTL_FAST_MATH = YES;
				ONLY_ACTIVE_ARCH = YES;
				SDKROOT = iphoneos;
				SWIFT_ACTIVE_COMPILATION_CONDITIONS = "DEBUG $(inherited)";
				SWIFT_OPTIMIZATION_LEVEL = "-Onone";
			};
			name = Debug;
		};
		D5C3C75A2C45441E0021FF0A /* Release */ = {
			isa = XCBuildConfiguration;
			buildSettings = {
				ALWAYS_SEARCH_USER_PATHS = NO;
				ASSETCATALOG_COMPILER_GENERATE_SWIFT_ASSET_SYMBOL_EXTENSIONS = YES;
				CLANG_ANALYZER_NONNULL = YES;
				CLANG_ANALYZER_NUMBER_OBJECT_CONVERSION = YES_AGGRESSIVE;
				CLANG_CXX_LANGUAGE_STANDARD = "gnu++20";
				CLANG_ENABLE_MODULES = YES;
				CLANG_ENABLE_OBJC_ARC = YES;
				CLANG_ENABLE_OBJC_WEAK = YES;
				CLANG_WARN_BLOCK_CAPTURE_AUTORELEASING = YES;
				CLANG_WARN_BOOL_CONVERSION = YES;
				CLANG_WARN_COMMA = YES;
				CLANG_WARN_CONSTANT_CONVERSION = YES;
				CLANG_WARN_DEPRECATED_OBJC_IMPLEMENTATIONS = YES;
				CLANG_WARN_DIRECT_OBJC_ISA_USAGE = YES_ERROR;
				CLANG_WARN_DOCUMENTATION_COMMENTS = YES;
				CLANG_WARN_EMPTY_BODY = YES;
				CLANG_WARN_ENUM_CONVERSION = YES;
				CLANG_WARN_INFINITE_RECURSION = YES;
				CLANG_WARN_INT_CONVERSION = YES;
				CLANG_WARN_NON_LITERAL_NULL_CONVERSION = YES;
				CLANG_WARN_OBJC_IMPLICIT_RETAIN_SELF = YES;
				CLANG_WARN_OBJC_LITERAL_CONVERSION = YES;
				CLANG_WARN_OBJC_ROOT_CLASS = YES_ERROR;
				CLANG_WARN_QUOTED_INCLUDE_IN_FRAMEWORK_HEADER = YES;
				CLANG_WARN_RANGE_LOOP_ANALYSIS = YES;
				CLANG_WARN_STRICT_PROTOTYPES = YES;
				CLANG_WARN_SUSPICIOUS_MOVE = YES;
				CLANG_WARN_UNGUARDED_AVAILABILITY = YES_AGGRESSIVE;
				CLANG_WARN_UNREACHABLE_CODE = YES;
				CLANG_WARN__DUPLICATE_METHOD_MATCH = YES;
				COPY_PHASE_STRIP = NO;
				DEBUG_INFORMATION_FORMAT = "dwarf-with-dsym";
				ENABLE_NS_ASSERTIONS = NO;
				ENABLE_STRICT_OBJC_MSGSEND = YES;
				ENABLE_USER_SCRIPT_SANDBOXING = YES;
				GCC_C_LANGUAGE_STANDARD = gnu17;
				GCC_NO_COMMON_BLOCKS = YES;
				GCC_WARN_64_TO_32_BIT_CONVERSION = YES;
				GCC_WARN_ABOUT_RETURN_TYPE = YES_ERROR;
				GCC_WARN_UNDECLARED_SELECTOR = YES;
				GCC_WARN_UNINITIALIZED_AUTOS = YES_AGGRESSIVE;
				GCC_WARN_UNUSED_FUNCTION = YES;
				GCC_WARN_UNUSED_VARIABLE = YES;
				IPHONEOS_DEPLOYMENT_TARGET = 17.5;
				LOCALIZATION_PREFERS_STRING_CATALOGS = YES;
				MTL_ENABLE_DEBUG_INFO = NO;
				MTL_FAST_MATH = YES;
				SDKROOT = iphoneos;
				SWIFT_COMPILATION_MODE = wholemodule;
				VALIDATE_PRODUCT = YES;
			};
			name = Release;
		};
		D5C3C75C2C45441E0021FF0A /* Debug */ = {
			isa = XCBuildConfiguration;
			buildSettings = {
				ASSETCATALOG_COMPILER_APPICON_NAME = AppIcon;
				ASSETCATALOG_COMPILER_GLOBAL_ACCENT_COLOR_NAME = AccentColor;
				CODE_SIGN_STYLE = Automatic;
				CURRENT_PROJECT_VERSION = 1;
				DEVELOPMENT_ASSET_PATHS = "\"Coordinator/Preview Content\"";
				DEVELOPMENT_TEAM = 46G4AVJ357;
				ENABLE_PREVIEWS = YES;
				GENERATE_INFOPLIST_FILE = YES;
				INFOPLIST_KEY_UIApplicationSceneManifest_Generation = YES;
				INFOPLIST_KEY_UIApplicationSupportsIndirectInputEvents = YES;
				INFOPLIST_KEY_UILaunchScreen_Generation = YES;
				INFOPLIST_KEY_UISupportedInterfaceOrientations_iPad = "UIInterfaceOrientationPortrait UIInterfaceOrientationPortraitUpsideDown UIInterfaceOrientationLandscapeLeft UIInterfaceOrientationLandscapeRight";
				INFOPLIST_KEY_UISupportedInterfaceOrientations_iPhone = "UIInterfaceOrientationPortrait UIInterfaceOrientationLandscapeLeft UIInterfaceOrientationLandscapeRight";
				LD_RUNPATH_SEARCH_PATHS = (
					"$(inherited)",
					"@executable_path/Frameworks",
				);
				MARKETING_VERSION = 1.0;
				PRODUCT_BUNDLE_IDENTIFIER = com.archidev.Coordinator;
				PRODUCT_NAME = "$(TARGET_NAME)";
				SWIFT_EMIT_LOC_STRINGS = YES;
				SWIFT_VERSION = 5.0;
				TARGETED_DEVICE_FAMILY = "1,2";
			};
			name = Debug;
		};
		D5C3C75D2C45441E0021FF0A /* Release */ = {
			isa = XCBuildConfiguration;
			buildSettings = {
				ASSETCATALOG_COMPILER_APPICON_NAME = AppIcon;
				ASSETCATALOG_COMPILER_GLOBAL_ACCENT_COLOR_NAME = AccentColor;
				CODE_SIGN_STYLE = Automatic;
				CURRENT_PROJECT_VERSION = 1;
				DEVELOPMENT_ASSET_PATHS = "\"Coordinator/Preview Content\"";
				DEVELOPMENT_TEAM = 46G4AVJ357;
				ENABLE_PREVIEWS = YES;
				GENERATE_INFOPLIST_FILE = YES;
				INFOPLIST_KEY_UIApplicationSceneManifest_Generation = YES;
				INFOPLIST_KEY_UIApplicationSupportsIndirectInputEvents = YES;
				INFOPLIST_KEY_UILaunchScreen_Generation = YES;
				INFOPLIST_KEY_UISupportedInterfaceOrientations_iPad = "UIInterfaceOrientationPortrait UIInterfaceOrientationPortraitUpsideDown UIInterfaceOrientationLandscapeLeft UIInterfaceOrientationLandscapeRight";
				INFOPLIST_KEY_UISupportedInterfaceOrientations_iPhone = "UIInterfaceOrientationPortrait UIInterfaceOrientationLandscapeLeft UIInterfaceOrientationLandscapeRight";
				LD_RUNPATH_SEARCH_PATHS = (
					"$(inherited)",
					"@executable_path/Frameworks",
				);
				MARKETING_VERSION = 1.0;
				PRODUCT_BUNDLE_IDENTIFIER = com.archidev.Coordinator;
				PRODUCT_NAME = "$(TARGET_NAME)";
				SWIFT_EMIT_LOC_STRINGS = YES;
				SWIFT_VERSION = 5.0;
				TARGETED_DEVICE_FAMILY = "1,2";
			};
			name = Release;
		};
/* End XCBuildConfiguration section */

/* Begin XCConfigurationList section */
		D5C3C7482C45441D0021FF0A /* Build configuration list for PBXProject "Coordinator" */ = {
			isa = XCConfigurationList;
			buildConfigurations = (
				D5C3C7592C45441E0021FF0A /* Debug */,
				D5C3C75A2C45441E0021FF0A /* Release */,
			);
			defaultConfigurationIsVisible = 0;
			defaultConfigurationName = Release;
		};
		D5C3C75B2C45441E0021FF0A /* Build configuration list for PBXNativeTarget "Coordinator" */ = {
			isa = XCConfigurationList;
			buildConfigurations = (
				D5C3C75C2C45441E0021FF0A /* Debug */,
				D5C3C75D2C45441E0021FF0A /* Release */,
			);
			defaultConfigurationIsVisible = 0;
			defaultConfigurationName = Release;
		};
/* End XCConfigurationList section */
	};
	rootObject = D5C3C7452C45441D0021FF0A /* Project object */;
}
